
Microsoft Visual Studio Solution File, Format Version 12.00
# Visual Studio 2012
Project("{FAE04EC0-301F-11D3-BF4B-00C04F79EFBC}") = "Jumpy", "Jumpy\Jumpy.csproj", "{F5A0C381-3E57-4A84-B9CB-41E6E0F5F1CE}"
EndProject
Global
	GlobalSection(SolutionConfigurationPlatforms) = preSolution
		Debug|Any CPU = Debug|Any CPU
		Release|Any CPU = Release|Any CPU
	EndGlobalSection
	GlobalSection(ProjectConfigurationPlatforms) = postSolution
		{F5A0C381-3E57-4A84-B9CB-41E6E0F5F1CE}.Debug|Any CPU.ActiveCfg = Debug|Any CPU
		{F5A0C381-3E57-4A84-B9CB-41E6E0F5F1CE}.Debug|Any CPU.Build.0 = Debug|Any CPU
		{F5A0C381-3E57-4A84-B9CB-41E6E0F5F1CE}.Release|Any CPU.ActiveCfg = Release|Any CPU
		{F5A0C381-3E57-4A84-B9CB-41E6E0F5F1CE}.Release|Any CPU.Build.0 = Release|Any CPU
	EndGlobalSection
	GlobalSection(SolutionProperties) = preSolution
		HideSolutionNode = FALSE
	EndGlobalSection
EndGlobal
